
Microsoft Visual Studio Solution File, Format Version 12.00
Project("{F2A71F9B-5D33-465A-A702-920D77279786}") = "IdxFileLoader", "src\IdxFileLoader\IdxFileLoader.fsproj", "{8316A367-68C6-4BE6-AFA4-C109D8D1AFCE}"
EndProject
Project("{FAE04EC0-301F-11D3-BF4B-00C04F79EFBC}") = "IdxFileLoader.Sample.CSharp", "samples\IdxFileLoader.Sample.CSharp\IdxFileLoader.Sample.CSharp.csproj", "{B1BE1515-D1E7-49F2-8192-17FF966F8338}"
EndProject
Global
	GlobalSection(SolutionConfigurationPlatforms) = preSolution
		Debug|Any CPU = Debug|Any CPU
		Release|Any CPU = Release|Any CPU
	EndGlobalSection
	GlobalSection(ProjectConfigurationPlatforms) = postSolution
		{8316A367-68C6-4BE6-AFA4-C109D8D1AFCE}.Debug|Any CPU.ActiveCfg = Debug|Any CPU
		{8316A367-68C6-4BE6-AFA4-C109D8D1AFCE}.Debug|Any CPU.Build.0 = Debug|Any CPU
		{8316A367-68C6-4BE6-AFA4-C109D8D1AFCE}.Release|Any CPU.ActiveCfg = Release|Any CPU
		{8316A367-68C6-4BE6-AFA4-C109D8D1AFCE}.Release|Any CPU.Build.0 = Release|Any CPU
		{B1BE1515-D1E7-49F2-8192-17FF966F8338}.Debug|Any CPU.ActiveCfg = Debug|Any CPU
		{B1BE1515-D1E7-49F2-8192-17FF966F8338}.Debug|Any CPU.Build.0 = Debug|Any CPU
		{B1BE1515-D1E7-49F2-8192-17FF966F8338}.Release|Any CPU.ActiveCfg = Release|Any CPU
		{B1BE1515-D1E7-49F2-8192-17FF966F8338}.Release|Any CPU.Build.0 = Release|Any CPU
	EndGlobalSection
EndGlobal
